
Microsoft Visual Studio Solution File, Format Version 12.00
# Visual Studio 2013
VisualStudioVersion = 12.0.31101.0
MinimumVisualStudioVersion = 10.0.40219.1
Project("{FAE04EC0-301F-11D3-BF4B-00C04F79EFBC}") = "ProBuilds", "ProBuilds\ProBuilds.csproj", "{71815823-05FA-4196-BB3D-342F18BCE3FA}"
EndProject
Global
	GlobalSection(SolutionConfigurationPlatforms) = preSolution
		Debug|Any CPU = Debug|Any CPU
		Release|Any CPU = Release|Any CPU
	EndGlobalSection
	GlobalSection(ProjectConfigurationPlatforms) = postSolution
		{71815823-05FA-4196-BB3D-342F18BCE3FA}.Debug|Any CPU.ActiveCfg = Debug|Any CPU
		{71815823-05FA-4196-BB3D-342F18BCE3FA}.Debug|Any CPU.Build.0 = Debug|Any CPU
		{71815823-05FA-4196-BB3D-342F18BCE3FA}.Release|Any CPU.ActiveCfg = Release|Any CPU
		{71815823-05FA-4196-BB3D-342F18BCE3FA}.Release|Any CPU.Build.0 = Release|Any CPU
	EndGlobalSection
	GlobalSection(SolutionProperties) = preSolution
		HideSolutionNode = FALSE
	EndGlobalSection
EndGlobal
